
Microsoft Visual Studio Solution File, Format Version 12.00
# Visual Studio Version 16
VisualStudioVersion = 16.0.29609.76
MinimumVisualStudioVersion = 10.0.40219.1
Project("{FAE04EC0-301F-11D3-BF4B-00C04F79EFBC}") = "Practice13", "Practice13.csproj", "{AFF0CE7F-A83D-4AEB-8070-78D0067AF9FE}"
EndProject
Global
	GlobalSection(SolutionConfigurationPlatforms) = preSolution
		Debug|Any CPU = Debug|Any CPU
		Release|Any CPU = Release|Any CPU
	EndGlobalSection
	GlobalSection(ProjectConfigurationPlatforms) = postSolution
		{AFF0CE7F-A83D-4AEB-8070-78D0067AF9FE}.Debug|Any CPU.ActiveCfg = Debug|Any CPU
		{AFF0CE7F-A83D-4AEB-8070-78D0067AF9FE}.Debug|Any CPU.Build.0 = Debug|Any CPU
		{AFF0CE7F-A83D-4AEB-8070-78D0067AF9FE}.Release|Any CPU.ActiveCfg = Release|Any CPU
		{AFF0CE7F-A83D-4AEB-8070-78D0067AF9FE}.Release|Any CPU.Build.0 = Release|Any CPU
	EndGlobalSection
	GlobalSection(SolutionProperties) = preSolution
		HideSolutionNode = FALSE
	EndGlobalSection
	GlobalSection(ExtensibilityGlobals) = postSolution
		SolutionGuid = {34E6C49B-8440-4818-BC4E-456DE6368862}
	EndGlobalSection
EndGlobal
